
Microsoft Visual Studio Solution File, Format Version 12.00
# Visual Studio Version 16
VisualStudioVersion = 16.0.32630.194
MinimumVisualStudioVersion = 10.0.40219.1
Project("{FAE04EC0-301F-11D3-BF4B-00C04F79EFBC}") = "pu_access1", "pu_access1\pu_access1.csproj", "{468824BD-AA06-43FD-A644-DEA3932F3063}"
EndProject
Project("{FAE04EC0-301F-11D3-BF4B-00C04F79EFBC}") = "pu_access2", "pu_access2\pu_access2.csproj", "{5A3390BD-6C23-4884-B0F4-FF2C708902DD}"
EndProject
Global
	GlobalSection(SolutionConfigurationPlatforms) = preSolution
		Debug|Any CPU = Debug|Any CPU
		Release|Any CPU = Release|Any CPU
	EndGlobalSection
	GlobalSection(ProjectConfigurationPlatforms) = postSolution
		{468824BD-AA06-43FD-A644-DEA3932F3063}.Debug|Any CPU.ActiveCfg = Debug|Any CPU
		{468824BD-AA06-43FD-A644-DEA3932F3063}.Debug|Any CPU.Build.0 = Debug|Any CPU
		{468824BD-AA06-43FD-A644-DEA3932F3063}.Release|Any CPU.ActiveCfg = Release|Any CPU
		{468824BD-AA06-43FD-A644-DEA3932F3063}.Release|Any CPU.Build.0 = Release|Any CPU
		{5A3390BD-6C23-4884-B0F4-FF2C708902DD}.Debug|Any CPU.ActiveCfg = Debug|Any CPU
		{5A3390BD-6C23-4884-B0F4-FF2C708902DD}.Debug|Any CPU.Build.0 = Debug|Any CPU
		{5A3390BD-6C23-4884-B0F4-FF2C708902DD}.Release|Any CPU.ActiveCfg = Release|Any CPU
		{5A3390BD-6C23-4884-B0F4-FF2C708902DD}.Release|Any CPU.Build.0 = Release|Any CPU
	EndGlobalSection
	GlobalSection(SolutionProperties) = preSolution
		HideSolutionNode = FALSE
	EndGlobalSection
	GlobalSection(ExtensibilityGlobals) = postSolution
		SolutionGuid = {3060F39A-7B62-45C7-98DE-A6972BA04485}
	EndGlobalSection
EndGlobal
